
Microsoft Visual Studio Solution File, Format Version 12.00
# Visual Studio Version 16
VisualStudioVersion = 16.0.31313.79
MinimumVisualStudioVersion = 10.0.40219.1
Project("{FAE04EC0-301F-11D3-BF4B-00C04F79EFBC}") = "Address__Book", "Address__Book\Address__Book.csproj", "{7C54BC60-8B04-4F2C-8F7A-91EF94D5C0BA}"
EndProject
Global
	GlobalSection(SolutionConfigurationPlatforms) = preSolution
		Debug|Any CPU = Debug|Any CPU
		Release|Any CPU = Release|Any CPU
	EndGlobalSection
	GlobalSection(ProjectConfigurationPlatforms) = postSolution
		{7C54BC60-8B04-4F2C-8F7A-91EF94D5C0BA}.Debug|Any CPU.ActiveCfg = Debug|Any CPU
		{7C54BC60-8B04-4F2C-8F7A-91EF94D5C0BA}.Debug|Any CPU.Build.0 = Debug|Any CPU
		{7C54BC60-8B04-4F2C-8F7A-91EF94D5C0BA}.Release|Any CPU.ActiveCfg = Release|Any CPU
		{7C54BC60-8B04-4F2C-8F7A-91EF94D5C0BA}.Release|Any CPU.Build.0 = Release|Any CPU
	EndGlobalSection
	GlobalSection(SolutionProperties) = preSolution
		HideSolutionNode = FALSE
	EndGlobalSection
	GlobalSection(ExtensibilityGlobals) = postSolution
		SolutionGuid = {BA4E5F05-89FA-4543-87CE-84310E62584F}
	EndGlobalSection
EndGlobal
